Microsoft Visual Studio Solution File, Format Version 12.00
# Visual Studio Version 17
VisualStudioVersion = 17.5.2.0
MinimumVisualStudioVersion = 10.0.40219.1
Project("{2150E333-8FDC-42A3-9474-1A3956D46DE8}") = "csharp", "csharp", "{B41BF331-FCCB-2ADF-CDB6-767964B34647}"
EndProject
Project("{FAE04EC0-301F-11D3-BF4B-00C04F79EFBC}") = "get-arm-schema", "csharp\get-arm-schema\get-arm-schema.csproj", "{B4806B75-21B6-D4AC-79D4-4355624D68C3}"
EndProject
Project("{FAE04EC0-301F-11D3-BF4B-00C04F79EFBC}") = "bicep-type-generation", "csharp\bicep-type-generation\bicep-type-generation.csproj", "{ECDC9673-3AB1-4238-8516-0A0752A20733}"
EndProject
Project("{FAE04EC0-301F-11D3-BF4B-00C04F79EFBC}") = "cli-boilerplate", "csharp\cli-boilerplate\cli-boilerplate.csproj", "{75BC69E2-6DFC-553F-88DB-2D84F3C927CE}"
EndProject
Global
	GlobalSection(SolutionConfigurationPlatforms) = preSolution
		Debug|Any CPU = Debug|Any CPU
		Release|Any CPU = Release|Any CPU
	EndGlobalSection
	GlobalSection(ProjectConfigurationPlatforms) = postSolution
		{B4806B75-21B6-D4AC-79D4-4355624D68C3}.Debug|Any CPU.ActiveCfg = Debug|Any CPU
		{B4806B75-21B6-D4AC-79D4-4355624D68C3}.Debug|Any CPU.Build.0 = Debug|Any CPU
		{B4806B75-21B6-D4AC-79D4-4355624D68C3}.Release|Any CPU.ActiveCfg = Release|Any CPU
		{B4806B75-21B6-D4AC-79D4-4355624D68C3}.Release|Any CPU.Build.0 = Release|Any CPU
		{ECDC9673-3AB1-4238-8516-0A0752A20733}.Debug|Any CPU.ActiveCfg = Debug|Any CPU
		{ECDC9673-3AB1-4238-8516-0A0752A20733}.Debug|Any CPU.Build.0 = Debug|Any CPU
		{ECDC9673-3AB1-4238-8516-0A0752A20733}.Release|Any CPU.ActiveCfg = Release|Any CPU
		{ECDC9673-3AB1-4238-8516-0A0752A20733}.Release|Any CPU.Build.0 = Release|Any CPU
		{75BC69E2-6DFC-553F-88DB-2D84F3C927CE}.Debug|Any CPU.ActiveCfg = Debug|Any CPU
		{75BC69E2-6DFC-553F-88DB-2D84F3C927CE}.Debug|Any CPU.Build.0 = Debug|Any CPU
		{75BC69E2-6DFC-553F-88DB-2D84F3C927CE}.Release|Any CPU.ActiveCfg = Release|Any CPU
		{75BC69E2-6DFC-553F-88DB-2D84F3C927CE}.Release|Any CPU.Build.0 = Release|Any CPU
	EndGlobalSection
	GlobalSection(SolutionProperties) = preSolution
		HideSolutionNode = FALSE
	EndGlobalSection
	GlobalSection(NestedProjects) = preSolution
		{B4806B75-21B6-D4AC-79D4-4355624D68C3} = {B41BF331-FCCB-2ADF-CDB6-767964B34647}
		{ECDC9673-3AB1-4238-8516-0A0752A20733} = {B41BF331-FCCB-2ADF-CDB6-767964B34647}
		{75BC69E2-6DFC-553F-88DB-2D84F3C927CE} = {B41BF331-FCCB-2ADF-CDB6-767964B34647}
	EndGlobalSection
	GlobalSection(ExtensibilityGlobals) = postSolution
		SolutionGuid = {136F2740-1A14-4720-BF66-B36887738508}
	EndGlobalSection
EndGlobal
